
Microsoft Visual Studio Solution File, Format Version 12.00
# Visual Studio Version 17
VisualStudioVersion = 17.0.32112.339
MinimumVisualStudioVersion = 10.0.40219.1
Project("{9A19103F-16F7-4668-BE54-9A1E7A4F7556}") = "kTVCSS", "kTVCSS\kTVCSS.csproj", "{6B050067-C55A-4035-8798-C0E8BCB5100B}"
EndProject
Project("{9A19103F-16F7-4668-BE54-9A1E7A4F7556}") = "CoreRCON", "CoreRcon\src\CoreRCON\CoreRCON.csproj", "{A1D8772B-1F8D-497E-995E-60D98963E460}"
EndProject
Project("{2150E333-8FDC-42A3-9474-1A3956D46DE8}") = "Solution Items", "Solution Items", "{6E99DD59-A661-45F2-BFA2-8FC257E74D5C}"
	ProjectSection(SolutionItems) = preProject
		.editorconfig = .editorconfig
	EndProjectSection
EndProject
Global
	GlobalSection(SolutionConfigurationPlatforms) = preSolution
		Debug|Any CPU = Debug|Any CPU
		Release|Any CPU = Release|Any CPU
	EndGlobalSection
	GlobalSection(ProjectConfigurationPlatforms) = postSolution
		{6B050067-C55A-4035-8798-C0E8BCB5100B}.Debug|Any CPU.ActiveCfg = Debug|Any CPU
		{6B050067-C55A-4035-8798-C0E8BCB5100B}.Debug|Any CPU.Build.0 = Debug|Any CPU
		{6B050067-C55A-4035-8798-C0E8BCB5100B}.Release|Any CPU.ActiveCfg = Release|Any CPU
		{6B050067-C55A-4035-8798-C0E8BCB5100B}.Release|Any CPU.Build.0 = Release|Any CPU
		{A1D8772B-1F8D-497E-995E-60D98963E460}.Debug|Any CPU.ActiveCfg = Debug|Any CPU
		{A1D8772B-1F8D-497E-995E-60D98963E460}.Debug|Any CPU.Build.0 = Debug|Any CPU
		{A1D8772B-1F8D-497E-995E-60D98963E460}.Release|Any CPU.ActiveCfg = Release|Any CPU
		{A1D8772B-1F8D-497E-995E-60D98963E460}.Release|Any CPU.Build.0 = Release|Any CPU
	EndGlobalSection
	GlobalSection(SolutionProperties) = preSolution
		HideSolutionNode = FALSE
	EndGlobalSection
	GlobalSection(ExtensibilityGlobals) = postSolution
		SolutionGuid = {3199C694-3388-4CC3-8E15-5F1036EB5FA2}
	EndGlobalSection
EndGlobal
