
Microsoft Visual Studio Solution File, Format Version 12.00
# Visual Studio Version 17
VisualStudioVersion = 17.3.32811.315
MinimumVisualStudioVersion = 10.0.40219.1
Project("{FAE04EC0-301F-11D3-BF4B-00C04F79EFBC}") = "RestartNodeApi", "RestartNodeApi\RestartNodeApi.csproj", "{184019A4-4EF0-4211-BD86-73608D31F3D4}"
EndProject
Global
	GlobalSection(SolutionConfigurationPlatforms) = preSolution
		Debug|Any CPU = Debug|Any CPU
		Release|Any CPU = Release|Any CPU
	EndGlobalSection
	GlobalSection(ProjectConfigurationPlatforms) = postSolution
		{184019A4-4EF0-4211-BD86-73608D31F3D4}.Debug|Any CPU.ActiveCfg = Debug|Any CPU
		{184019A4-4EF0-4211-BD86-73608D31F3D4}.Debug|Any CPU.Build.0 = Debug|Any CPU
		{184019A4-4EF0-4211-BD86-73608D31F3D4}.Release|Any CPU.ActiveCfg = Release|Any CPU
		{184019A4-4EF0-4211-BD86-73608D31F3D4}.Release|Any CPU.Build.0 = Release|Any CPU
	EndGlobalSection
	GlobalSection(SolutionProperties) = preSolution
		HideSolutionNode = FALSE
	EndGlobalSection
	GlobalSection(ExtensibilityGlobals) = postSolution
		SolutionGuid = {1D9ACFCE-7CE1-4CBB-8911-2648C688D2D0}
	EndGlobalSection
EndGlobal
