
Microsoft Visual Studio Solution File, Format Version 12.00
# Visual Studio Version 16
VisualStudioVersion = 16.0.32407.337
MinimumVisualStudioVersion = 10.0.40219.1
Project("{FAE04EC0-301F-11D3-BF4B-00C04F79EFBC}") = "PlayerResultTest", "PlayerResultTest\PlayerResultTest.csproj", "{D9A46523-C7B5-431F-B5A1-F853D759E243}"
EndProject
Global
	GlobalSection(SolutionConfigurationPlatforms) = preSolution
		Debug|Any CPU = Debug|Any CPU
		Release|Any CPU = Release|Any CPU
	EndGlobalSection
	GlobalSection(ProjectConfigurationPlatforms) = postSolution
		{D9A46523-C7B5-431F-B5A1-F853D759E243}.Debug|Any CPU.ActiveCfg = Debug|Any CPU
		{D9A46523-C7B5-431F-B5A1-F853D759E243}.Debug|Any CPU.Build.0 = Debug|Any CPU
		{D9A46523-C7B5-431F-B5A1-F853D759E243}.Release|Any CPU.ActiveCfg = Release|Any CPU
		{D9A46523-C7B5-431F-B5A1-F853D759E243}.Release|Any CPU.Build.0 = Release|Any CPU
	EndGlobalSection
	GlobalSection(SolutionProperties) = preSolution
		HideSolutionNode = FALSE
	EndGlobalSection
	GlobalSection(ExtensibilityGlobals) = postSolution
		SolutionGuid = {1E6F1EB2-4BCD-4873-B05B-6BB69A74C6E1}
	EndGlobalSection
EndGlobal
